
Microsoft Visual Studio Solution File, Format Version 12.00
# Visual Studio 15
VisualStudioVersion = 15.0.28010.2016
MinimumVisualStudioVersion = 10.0.40219.1
Project("{FAE04EC0-301F-11D3-BF4B-00C04F79EFBC}") = "Ex42-Implementing Layers", "Ex42-Implementing Layers\Ex42-Implementing Layers.csproj", "{D12F363C-85C0-4E1C-982B-2A811A66BAAD}"
EndProject
Global
	GlobalSection(SolutionConfigurationPlatforms) = preSolution
		Debug|Any CPU = Debug|Any CPU
		Release|Any CPU = Release|Any CPU
	EndGlobalSection
	GlobalSection(ProjectConfigurationPlatforms) = postSolution
		{D12F363C-85C0-4E1C-982B-2A811A66BAAD}.Debug|Any CPU.ActiveCfg = Debug|Any CPU
		{D12F363C-85C0-4E1C-982B-2A811A66BAAD}.Debug|Any CPU.Build.0 = Debug|Any CPU
		{D12F363C-85C0-4E1C-982B-2A811A66BAAD}.Release|Any CPU.ActiveCfg = Release|Any CPU
		{D12F363C-85C0-4E1C-982B-2A811A66BAAD}.Release|Any CPU.Build.0 = Release|Any CPU
	EndGlobalSection
	GlobalSection(SolutionProperties) = preSolution
		HideSolutionNode = FALSE
	EndGlobalSection
	GlobalSection(ExtensibilityGlobals) = postSolution
		SolutionGuid = {63D0626C-4216-48FA-908B-1E63220F5B29}
	EndGlobalSection
EndGlobal
